{
  "name": "checkmate",
  "lockfileVersion": 3,
  "requires": true,
  "packages": {
    "": {
      "dependencies": {
        "@mliebelt/pgn-viewer": "^1.6.11"
      }
    },
    "node_modules/@fortawesome/fontawesome-common-types": {
      "version": "6.7.2",
      "resolved": "https://registry.npmjs.org/@fortawesome/fontawesome-common-types/-/fontawesome-common-types-6.7.2.tgz",
      "integrity": "sha512-Zs+YeHUC5fkt7Mg1l6XTniei3k4bwG/yo3iFUtZWd/pMx9g3fdvkSK9E0FOC+++phXOka78uJcYb8JaFkW52Xg==",
      "license": "MIT",
      "engines": {
        "node": ">=6"
      }
    },
    "node_modules/@fortawesome/fontawesome-free": {
      "version": "6.7.2",
      "resolved": "https://registry.npmjs.org/@fortawesome/fontawesome-free/-/fontawesome-free-6.7.2.tgz",
      "integrity": "sha512-JUOtgFW6k9u4Y+xeIaEiLr3+cjoUPiAuLXoyKOJSia6Duzb7pq+A76P9ZdPDoAoxHdHzq6gE9/jKBGXlZT8FbA==",
      "license": "(CC-BY-4.0 AND OFL-1.1 AND MIT)",
      "engines": {
        "node": ">=6"
      }
    },
    "node_modules/@fortawesome/fontawesome-svg-core": {
      "version": "6.7.2",
      "resolved": "https://registry.npmjs.org/@fortawesome/fontawesome-svg-core/-/fontawesome-svg-core-6.7.2.tgz",
      "integrity": "sha512-yxtOBWDrdi5DD5o1pmVdq3WMCvnobT0LU6R8RyyVXPvFRd2o79/0NCuQoCjNTeZz9EzA9xS3JxNWfv54RIHFEA==",
      "license": "MIT",
      "dependencies": {
        "@fortawesome/fontawesome-common-types": "6.7.2"
      },
      "engines": {
        "node": ">=6"
      }
    },
    "node_modules/@fortawesome/free-solid-svg-icons": {
      "version": "6.7.2",
      "resolved": "https://registry.npmjs.org/@fortawesome/free-solid-svg-icons/-/free-solid-svg-icons-6.7.2.tgz",
      "integrity": "sha512-GsBrnOzU8uj0LECDfD5zomZJIjrPhIlWU82AHwa2s40FKH+kcxQaBvBo3Z4TxyZHIyX8XTDxsyA33/Vx9eFuQA==",
      "license": "(CC-BY-4.0 AND MIT)",
      "dependencies": {
        "@fortawesome/fontawesome-common-types": "6.7.2"
      },
      "engines": {
        "node": ">=6"
      }
    },
    "node_modules/@mliebelt/pgn-parser": {
      "version": "1.4.19",
      "resolved": "https://registry.npmjs.org/@mliebelt/pgn-parser/-/pgn-parser-1.4.19.tgz",
      "integrity": "sha512-UWujpNxBjX8ONd1Wn1Pw9mexvWhzvpFWpekmlW2peMd0J+NzqK5FmRGBQLGA6meqPRW+VNvXfJhf+zHvxfS7ZA==",
      "license": "Apache-2.0",
      "dependencies": {
        "@mliebelt/pgn-types": "^1.0.4"
      },
      "bin": {
        "pgn-parser": "bin/pgn-to-json.js"
      }
    },
    "node_modules/@mliebelt/pgn-reader": {
      "version": "1.2.30",
      "resolved": "https://registry.npmjs.org/@mliebelt/pgn-reader/-/pgn-reader-1.2.30.tgz",
      "integrity": "sha512-eA1+RKzwiY9v0ynkG5ls5aC2O/WjHSOSjY6TR47fFEI/ajzhOP4PeXMhNUFDeTEF+Y1L/b9HilQj7RvCdggh5Q==",
      "license": "Apache-2.0",
      "dependencies": {
        "@mliebelt/pgn-parser": "^1.4.14",
        "@mliebelt/pgn-types": "^1.0.4",
        "@mliebelt/pgn-writer": "^1.0.5",
        "chess.js": "^0.12.1",
        "sync-fetch": "^0.5.2"
      }
    },
    "node_modules/@mliebelt/pgn-types": {
      "version": "1.0.4",
      "resolved": "https://registry.npmjs.org/@mliebelt/pgn-types/-/pgn-types-1.0.4.tgz",
      "integrity": "sha512-l1VUSp8pmdsr6HNTaZIQdmd70XqmtCp5jd0fOi4KpR/mq+NBbE1A178a6+rRy001A0/Li1rUxpssDzcYBR87GQ==",
      "license": "Apache-2.0"
    },
    "node_modules/@mliebelt/pgn-viewer": {
      "version": "1.6.11",
      "resolved": "https://registry.npmjs.org/@mliebelt/pgn-viewer/-/pgn-viewer-1.6.11.tgz",
      "integrity": "sha512-zqLqEXPKKNrD4a7L9ppiEUJIXdlI3jWFKmijAHUv9nTvBD9p1TBLUySY16Q9sk1dviM2O6auPlub8BqChkr9dQ==",
      "license": "GPL-3.0-or-later",
      "dependencies": {
        "@fortawesome/fontawesome-free": "^6.7.2",
        "@fortawesome/fontawesome-svg-core": "^6.7.2",
        "@fortawesome/free-solid-svg-icons": "^6.7.2",
        "@mliebelt/pgn-reader": "^1.2.30",
        "chessground": "^9.1.1",
        "modaly.js": "^0.5.2",
        "mousetrap-ts": "^1.0.0",
        "smoothscroll-polyfill": "^0.4.4",
        "typesafe-i18n": "^5.26.2"
      }
    },
    "node_modules/@mliebelt/pgn-writer": {
      "version": "1.0.5",
      "resolved": "https://registry.npmjs.org/@mliebelt/pgn-writer/-/pgn-writer-1.0.5.tgz",
      "integrity": "sha512-e3bgX5C1ovoM/7/i0wxWI+xSj7MEQ0ZM6YEhDD4N3EdxryHZhjCp0IzwiIeqoMjENbqkoK4B70/9O+r3JDH1bg==",
      "license": "Apache-2.0",
      "dependencies": {
        "@mliebelt/pgn-types": "^1.0.4"
      }
    },
    "node_modules/chess.js": {
      "version": "0.12.1",
      "resolved": "https://registry.npmjs.org/chess.js/-/chess.js-0.12.1.tgz",
      "integrity": "sha512-95PsuUCtoxPyQNB+29k54OWGeEEpuWXu+d+oWL/fcko5T5NhDuGxaYmoXcZ6KUnFKyUYxdLjwqRqCWZonRuoJQ==",
      "license": "BSD-2-Clause"
    },
    "node_modules/chessground": {
      "version": "9.2.1",
      "resolved": "https://registry.npmjs.org/chessground/-/chessground-9.2.1.tgz",
      "integrity": "sha512-KIdxm0zD69e62XRwdnFB0XUNYSzn5HM3pMazRCwpfruRUowFI8y+1OAK5YSyBff29myeV1/4o5Q8T191+Irbog==",
      "deprecated": "Package no longer supported. Contact Support at https://www.npmjs.com/support for more info.",
      "license": "GPL-3.0-or-later",
      "funding": {
        "url": "https://lichess.org/patron"
      }
    },
    "node_modules/modaly.js": {
      "version": "0.5.2",
      "resolved": "https://registry.npmjs.org/modaly.js/-/modaly.js-0.5.2.tgz",
      "integrity": "sha512-pwWSdzjcb1mqAHedMK/Jw7S+DB99Zpl4R8mwnqTXlAGD19Bayl7mmU043kiJxrd4NXmzxXjoVIt1d+mFc1B2Kw==",
      "license": "MIT"
    },
    "node_modules/mousetrap-ts": {
      "version": "1.0.0",
      "resolved": "https://registry.npmjs.org/mousetrap-ts/-/mousetrap-ts-1.0.0.tgz",
      "integrity": "sha512-NAOxr9A82Z6/rXWBH6RPsWCPW/W+EYSHSHwg9QI6wy0rreLsdeCgT4JUwRk1cVq4Dm2ZYodcCeAu/VDp2vKS6Q==",
      "license": "Apache-2.0"
    },
    "node_modules/node-fetch": {
      "version": "2.7.0",
      "resolved": "https://registry.npmjs.org/node-fetch/-/node-fetch-2.7.0.tgz",
      "integrity": "sha512-c4FRfUm/dbcWZ7U+1Wq0AwCyFL+3nt2bEw05wfxSz+DWpWsitgmSgYmy2dQdWyKC1694ELPqMs/YzUSNozLt8A==",
      "license": "MIT",
      "dependencies": {
        "whatwg-url": "^5.0.0"
      },
      "engines": {
        "node": "4.x || >=6.0.0"
      },
      "peerDependencies": {
        "encoding": "^0.1.0"
      },
      "peerDependenciesMeta": {
        "encoding": {
          "optional": true
        }
      }
    },
    "node_modules/smoothscroll-polyfill": {
      "version": "0.4.4",
      "resolved": "https://registry.npmjs.org/smoothscroll-polyfill/-/smoothscroll-polyfill-0.4.4.tgz",
      "integrity": "sha512-TK5ZA9U5RqCwMpfoMq/l1mrH0JAR7y7KRvOBx0n2869aLxch+gT9GhN3yUfjiw+d/DiF1mKo14+hd62JyMmoBg==",
      "license": "MIT"
    },
    "node_modules/sync-fetch": {
      "version": "0.5.2",
      "resolved": "https://registry.npmjs.org/sync-fetch/-/sync-fetch-0.5.2.tgz",
      "integrity": "sha512-6gBqqkHrYvkH65WI2bzrDwrIKmt3U10s4Exnz3dYuE5Ah62FIfNv/F63inrNhu2Nyh3GH5f42GKU3RrSJoaUyQ==",
      "license": "MIT",
      "dependencies": {
        "node-fetch": "^2.6.1"
      },
      "engines": {
        "node": ">=14"
      }
    },
    "node_modules/tr46": {
      "version": "0.0.3",
      "resolved": "https://registry.npmjs.org/tr46/-/tr46-0.0.3.tgz",
      "integrity": "sha512-N3WMsuqV66lT30CrXNbEjx4GEwlow3v6rr4mCcv6prnfwhS01rkgyFdjPNBYd9br7LpXV1+Emh01fHnq2Gdgrw==",
      "license": "MIT"
    },
    "node_modules/typesafe-i18n": {
      "version": "5.27.1",
      "resolved": "https://registry.npmjs.org/typesafe-i18n/-/typesafe-i18n-5.27.1.tgz",
      "integrity": "sha512-749uWo2ZXETT//kWjVYPm8QPYR8xLh8G0wLfoAyCAtAmysX67uCaAyLjAjAWojL6fuJpE5B6yIjwvO9orXzUPg==",
      "license": "MIT",
      "bin": {
        "typesafe-i18n": "cli/typesafe-i18n.mjs"
      },
      "funding": {
        "type": "github",
        "url": "https://github.com/sponsors/ivanhofer"
      },
      "peerDependencies": {
        "typescript": ">=3.5.1"
      }
    },
    "node_modules/typescript": {
      "version": "6.0.3",
      "resolved": "https://registry.npmjs.org/typescript/-/typescript-6.0.3.tgz",
      "integrity": "sha512-y2TvuxSZPDyQakkFRPZHKFm+KKVqIisdg9/CZwm9ftvKXLP8NRWj38/ODjNbr43SsoXqNuAisEf1GdCxqWcdBw==",
      "license": "Apache-2.0",
      "peer": true,
      "bin": {
        "tsc": "bin/tsc",
        "tsserver": "bin/tsserver"
      },
      "engines": {
        "node": ">=14.17"
      }
    },
    "node_modules/webidl-conversions": {
      "version": "3.0.1",
      "resolved": "https://registry.npmjs.org/webidl-conversions/-/webidl-conversions-3.0.1.tgz",
      "integrity": "sha512-2JAn3z8AR6rjK8Sm8orRC0h/bcl/DqL7tRPdGZ4I1CjdF+EaMLmYxBHyXuKL849eucPFhvBoxMsflfOb8kxaeQ==",
      "license": "BSD-2-Clause"
    },
    "node_modules/whatwg-url": {
      "version": "5.0.0",
      "resolved": "https://registry.npmjs.org/whatwg-url/-/whatwg-url-5.0.0.tgz",
      "integrity": "sha512-saE57nupxk6v3HY35+jzBwYa0rKSy0XR8JSxZPwgLr7ys0IBzhGviA1/TUGJLmSVqs8pb9AnvICXEuOHLprYTw==",
      "license": "MIT",
      "dependencies": {
        "tr46": "~0.0.3",
        "webidl-conversions": "^3.0.0"
      }
    }
  }
}
